
Microsoft Visual Studio Solution File, Format Version 12.00
# Visual Studio Version 17
VisualStudioVersion = 17.5.002.0
MinimumVisualStudioVersion = 10.0.40219.1
Project("{9A19103F-16F7-4668-BE54-9A1E7A4F7556}") = "AdventOfCodeDay1", "AdventOfCodeDay1\AdventOfCodeDay1.csproj", "{4FC141F0-6EB8-46C6-AFAA-708539751CDF}"
EndProject
Project("{9A19103F-16F7-4668-BE54-9A1E7A4F7556}") = "AdventOfCodeDay2", "AdventOfCodeDay2\AdventOfCodeDay2.csproj", "{4A990A7F-A804-4643-9F52-9C0820A5779C}"
EndProject
Global
	GlobalSection(SolutionConfigurationPlatforms) = preSolution
		Debug|Any CPU = Debug|Any CPU
		Release|Any CPU = Release|Any CPU
	EndGlobalSection
	GlobalSection(ProjectConfigurationPlatforms) = postSolution
		{4FC141F0-6EB8-46C6-AFAA-708539751CDF}.Debug|Any CPU.ActiveCfg = Debug|Any CPU
		{4FC141F0-6EB8-46C6-AFAA-708539751CDF}.Debug|Any CPU.Build.0 = Debug|Any CPU
		{4FC141F0-6EB8-46C6-AFAA-708539751CDF}.Release|Any CPU.ActiveCfg = Release|Any CPU
		{4FC141F0-6EB8-46C6-AFAA-708539751CDF}.Release|Any CPU.Build.0 = Release|Any CPU
		{4A990A7F-A804-4643-9F52-9C0820A5779C}.Debug|Any CPU.ActiveCfg = Debug|Any CPU
		{4A990A7F-A804-4643-9F52-9C0820A5779C}.Debug|Any CPU.Build.0 = Debug|Any CPU
		{4A990A7F-A804-4643-9F52-9C0820A5779C}.Release|Any CPU.ActiveCfg = Release|Any CPU
		{4A990A7F-A804-4643-9F52-9C0820A5779C}.Release|Any CPU.Build.0 = Release|Any CPU
	EndGlobalSection
	GlobalSection(SolutionProperties) = preSolution
		HideSolutionNode = FALSE
	EndGlobalSection
	GlobalSection(ExtensibilityGlobals) = postSolution
		SolutionGuid = {EE5346D5-B098-466E-A625-2D4E1D58E428}
	EndGlobalSection
EndGlobal
